// !$*UTF8*$!
{
	archiveVersion = 1;
	classes = {
	};
	objectVersion = 46;
	objects = {

/* Begin PBXBuildFile section */
		5857A0CE1BF0FB9F00C9B0B0 /* ESNetworkRequest.m in Sources */ = {isa = PBXBuildFile; fileRef = 5857A0CD1BF0FB9F00C9B0B0 /* ESNetworkRequest.m */; };
		5857A0D21BF0FBC800C9B0B0 /* ESNetworkOperation.m in Sources */ = {isa = PBXBuildFile; fileRef = 5857A0D11BF0FBC800C9B0B0 /* ESNetworkOperation.m */; };
		5857A0D61BF0FBDD00C9B0B0 /* ESNetworkManager.m in Sources */ = {isa = PBXBuildFile; fileRef = 5857A0D51BF0FBDD00C9B0B0 /* ESNetworkManager.m */; };
		5857A0DA1BF0FBEB00C9B0B0 /* ESNetworkFacade.m in Sources */ = {isa = PBXBuildFile; fileRef = 5857A0D91BF0FBEB00C9B0B0 /* ESNetworkFacade.m */; };
		58D7AC9F1BF0F38000ECB928 /* main.m in Sources */ = {isa = PBXBuildFile; fileRef = 58D7AC9E1BF0F38000ECB928 /* main.m */; };
		58D7ACA21BF0F38000ECB928 /* AppDelegate.m in Sources */ = {isa = PBXBuildFile; fileRef = 58D7ACA11BF0F38000ECB928 /* AppDelegate.m */; };
		58D7ACA81BF0F38000ECB928 /* Main.storyboard in Resources */ = {isa = PBXBuildFile; fileRef = 58D7ACA61BF0F38000ECB928 /* Main.storyboard */; };
		58D7ACAA1BF0F38000ECB928 /* Assets.xcassets in Resources */ = {isa = PBXBuildFile; fileRef = 58D7ACA91BF0F38000ECB928 /* Assets.xcassets */; };
		58D7ACAD1BF0F38000ECB928 /* LaunchScreen.storyboard in Resources */ = {isa = PBXBuildFile; fileRef = 58D7ACAB1BF0F38000ECB928 /* LaunchScreen.storyboard */; };
		58F5B0B51BF106F700532EA8 /* ESGetRandomCatRequest.m in Sources */ = {isa = PBXBuildFile; fileRef = 58F5B0B41BF106F700532EA8 /* ESGetRandomCatRequest.m */; };
		58F5B0B91BF1092D00532EA8 /* ESCatController.m in Sources */ = {isa = PBXBuildFile; fileRef = 58F5B0B81BF1092D00532EA8 /* ESCatController.m */; };
		AD1876AB15722A06F194D2AD /* libPods.a in Frameworks */ = {isa = PBXBuildFile; fileRef = 72F817892E1CF62B1FD9F840 /* libPods.a */; };
/* End PBXBuildFile section */

/* Begin PBXFileReference section */
		5857A0CC1BF0FB9F00C9B0B0 /* ESNetworkRequest.h */ = {isa = PBXFileReference; fileEncoding = 4; lastKnownFileType = sourcecode.c.h; name = ESNetworkRequest.h; path = Classes/API/Requests/BaseNetworkRequest/ESNetworkRequest.h; sourceTree = "<group>"; };
		5857A0CD1BF0FB9F00C9B0B0 /* ESNetworkRequest.m */ = {isa = PBXFileReference; fileEncoding = 4; lastKnownFileType = sourcecode.c.objc; name = ESNetworkRequest.m; path = Classes/API/Requests/BaseNetworkRequest/ESNetworkRequest.m; sourceTree = "<group>"; };
		5857A0CF1BF0FBBD00C9B0B0 /* ESRequests.h */ = {isa = PBXFileReference; fileEncoding = 4; lastKnownFileType = sourcecode.c.h; name = ESRequests.h; path = Classes/API/Requests/ESRequests.h; sourceTree = "<group>"; };
		5857A0D01BF0FBC800C9B0B0 /* ESNetworkOperation.h */ = {isa = PBXFileReference; fileEncoding = 4; lastKnownFileType = sourcecode.c.h; name = ESNetworkOperation.h; path = Classes/API/NetworkOperation/ESNetworkOperation.h; sourceTree = "<group>"; };
		5857A0D11BF0FBC800C9B0B0 /* ESNetworkOperation.m */ = {isa = PBXFileReference; fileEncoding = 4; lastKnownFileType = sourcecode.c.objc; name = ESNetworkOperation.m; path = Classes/API/NetworkOperation/ESNetworkOperation.m; sourceTree = "<group>"; };
		5857A0D41BF0FBDD00C9B0B0 /* ESNetworkManager.h */ = {isa = PBXFileReference; fileEncoding = 4; lastKnownFileType = sourcecode.c.h; name = ESNetworkManager.h; path = Classes/API/SessionManager/ESNetworkManager.h; sourceTree = "<group>"; };
		5857A0D51BF0FBDD00C9B0B0 /* ESNetworkManager.m */ = {isa = PBXFileReference; fileEncoding = 4; lastKnownFileType = sourcecode.c.objc; name = ESNetworkManager.m; path = Classes/API/SessionManager/ESNetworkManager.m; sourceTree = "<group>"; };
		5857A0D81BF0FBEB00C9B0B0 /* ESNetworkFacade.h */ = {isa = PBXFileReference; fileEncoding = 4; lastKnownFileType = sourcecode.c.h; name = ESNetworkFacade.h; path = Classes/API/NetworkFacade/ESNetworkFacade.h; sourceTree = "<group>"; };
		5857A0D91BF0FBEB00C9B0B0 /* ESNetworkFacade.m */ = {isa = PBXFileReference; fileEncoding = 4; lastKnownFileType = sourcecode.c.objc; name = ESNetworkFacade.m; path = Classes/API/NetworkFacade/ESNetworkFacade.m; sourceTree = "<group>"; };
		58D7AC9A1BF0F38000ECB928 /* WorkingWithServerAPIExample.app */ = {isa = PBXFileReference; explicitFileType = wrapper.application; includeInIndex = 0; path = WorkingWithServerAPIExample.app; sourceTree = BUILT_PRODUCTS_DIR; };
		58D7AC9E1BF0F38000ECB928 /* main.m */ = {isa = PBXFileReference; lastKnownFileType = sourcecode.c.objc; path = main.m; sourceTree = "<group>"; };
		58D7ACA01BF0F38000ECB928 /* AppDelegate.h */ = {isa = PBXFileReference; lastKnownFileType = sourcecode.c.h; path = AppDelegate.h; sourceTree = "<group>"; };
		58D7ACA11BF0F38000ECB928 /* AppDelegate.m */ = {isa = PBXFileReference; lastKnownFileType = sourcecode.c.objc; path = AppDelegate.m; sourceTree = "<group>"; };
		58D7ACA71BF0F38000ECB928 /* Base */ = {isa = PBXFileReference; lastKnownFileType = file.storyboard; name = Base; path = Base.lproj/Main.storyboard; sourceTree = "<group>"; };
		58D7ACA91BF0F38000ECB928 /* Assets.xcassets */ = {isa = PBXFileReference; lastKnownFileType = folder.assetcatalog; path = Assets.xcassets; sourceTree = "<group>"; };
		58D7ACAC1BF0F38000ECB928 /* Base */ = {isa = PBXFileReference; lastKnownFileType = file.storyboard; name = Base; path = Base.lproj/LaunchScreen.storyboard; sourceTree = "<group>"; };
		58D7ACAE1BF0F38000ECB928 /* Info.plist */ = {isa = PBXFileReference; lastKnownFileType = text.plist.xml; path = Info.plist; sourceTree = "<group>"; };
		58F5B0B31BF106F700532EA8 /* ESGetRandomCatRequest.h */ = {isa = PBXFileReference; fileEncoding = 4; lastKnownFileType = sourcecode.c.h; name = ESGetRandomCatRequest.h; path = Classes/API/Requests/GetRandomCatRequest/ESGetRandomCatRequest.h; sourceTree = "<group>"; };
		58F5B0B41BF106F700532EA8 /* ESGetRandomCatRequest.m */ = {isa = PBXFileReference; fileEncoding = 4; lastKnownFileType = sourcecode.c.objc; name = ESGetRandomCatRequest.m; path = Classes/API/Requests/GetRandomCatRequest/ESGetRandomCatRequest.m; sourceTree = "<group>"; };
		58F5B0B71BF1092D00532EA8 /* ESCatController.h */ = {isa = PBXFileReference; fileEncoding = 4; lastKnownFileType = sourcecode.c.h; name = ESCatController.h; path = Classes/Controllers/CatController/ESCatController.h; sourceTree = "<group>"; };
		58F5B0B81BF1092D00532EA8 /* ESCatController.m */ = {isa = PBXFileReference; fileEncoding = 4; lastKnownFileType = sourcecode.c.objc; name = ESCatController.m; path = Classes/Controllers/CatController/ESCatController.m; sourceTree = "<group>"; };
		7267412FBB4908205764F4EF /* Pods.release.xcconfig */ = {isa = PBXFileReference; includeInIndex = 1; lastKnownFileType = text.xcconfig; name = Pods.release.xcconfig; path = "Pods/Target Support Files/Pods/Pods.release.xcconfig"; sourceTree = "<group>"; };
		72F817892E1CF62B1FD9F840 /* libPods.a */ = {isa = PBXFileReference; explicitFileType = archive.ar; includeInIndex = 0; path = libPods.a; sourceTree = BUILT_PRODUCTS_DIR; };
		9B40748060082DE18B1298E5 /* Pods.debug.xcconfig */ = {isa = PBXFileReference; includeInIndex = 1; lastKnownFileType = text.xcconfig; name = Pods.debug.xcconfig; path = "Pods/Target Support Files/Pods/Pods.debug.xcconfig"; sourceTree = "<group>"; };
/* End PBXFileReference section */

/* Begin PBXFrameworksBuildPhase section */
		58D7AC971BF0F38000ECB928 /* Frameworks */ = {
			isa = PBXFrameworksBuildPhase;
			buildActionMask = 2147483647;
			files = (
				AD1876AB15722A06F194D2AD /* libPods.a in Frameworks */,
			);
			runOnlyForDeploymentPostprocessing = 0;
		};
/* End PBXFrameworksBuildPhase section */

/* Begin PBXGroup section */
		5857A0C61BF0FB5000C9B0B0 /* Classes */ = {
			isa = PBXGroup;
			children = (
				58F5B0B61BF108FE00532EA8 /* Controllers */,
				5857A0C71BF0FB5500C9B0B0 /* API */,
			);
			name = Classes;
			sourceTree = "<group>";
		};
		5857A0C71BF0FB5500C9B0B0 /* API */ = {
			isa = PBXGroup;
			children = (
				5857A0CF1BF0FBBD00C9B0B0 /* ESRequests.h */,
				5857A0CB1BF0FB6D00C9B0B0 /* NetworkRequests */,
				5857A0CA1BF0FB6700C9B0B0 /* NetworkOperation */,
				5857A0C91BF0FB5F00C9B0B0 /* NetworkManager */,
				5857A0C81BF0FB5900C9B0B0 /* NetworkFacade */,
			);
			name = API;
			sourceTree = "<group>";
		};
		5857A0C81BF0FB5900C9B0B0 /* NetworkFacade */ = {
			isa = PBXGroup;
			children = (
				5857A0D81BF0FBEB00C9B0B0 /* ESNetworkFacade.h */,
				5857A0D91BF0FBEB00C9B0B0 /* ESNetworkFacade.m */,
			);
			name = NetworkFacade;
			sourceTree = "<group>";
		};
		5857A0C91BF0FB5F00C9B0B0 /* NetworkManager */ = {
			isa = PBXGroup;
			children = (
				5857A0D41BF0FBDD00C9B0B0 /* ESNetworkManager.h */,
				5857A0D51BF0FBDD00C9B0B0 /* ESNetworkManager.m */,
			);
			name = NetworkManager;
			sourceTree = "<group>";
		};
		5857A0CA1BF0FB6700C9B0B0 /* NetworkOperation */ = {
			isa = PBXGroup;
			children = (
				5857A0D01BF0FBC800C9B0B0 /* ESNetworkOperation.h */,
				5857A0D11BF0FBC800C9B0B0 /* ESNetworkOperation.m */,
			);
			name = NetworkOperation;
			sourceTree = "<group>";
		};
		5857A0CB1BF0FB6D00C9B0B0 /* NetworkRequests */ = {
			isa = PBXGroup;
			children = (
				58F5B0B21BF106D400532EA8 /* GetRandomCatRequest */,
				58F5B0B11BF106CC00532EA8 /* BaseNetworkRequest */,
			);
			name = NetworkRequests;
			sourceTree = "<group>";
		};
		58D7AC911BF0F37F00ECB928 = {
			isa = PBXGroup;
			children = (
				58D7AC9C1BF0F38000ECB928 /* WorkingWithServerAPIExample */,
				58D7AC9B1BF0F38000ECB928 /* Products */,
				75D9D3124CE165E0B7291939 /* Pods */,
				8559F7204313B709953E7754 /* Frameworks */,
			);
			sourceTree = "<group>";
		};
		58D7AC9B1BF0F38000ECB928 /* Products */ = {
			isa = PBXGroup;
			children = (
				58D7AC9A1BF0F38000ECB928 /* WorkingWithServerAPIExample.app */,
			);
			name = Products;
			sourceTree = "<group>";
		};
		58D7AC9C1BF0F38000ECB928 /* WorkingWithServerAPIExample */ = {
			isa = PBXGroup;
			children = (
				5857A0C61BF0FB5000C9B0B0 /* Classes */,
				58D7ACA01BF0F38000ECB928 /* AppDelegate.h */,
				58D7ACA11BF0F38000ECB928 /* AppDelegate.m */,
				58D7ACA61BF0F38000ECB928 /* Main.storyboard */,
				58D7ACA91BF0F38000ECB928 /* Assets.xcassets */,
				58D7ACAB1BF0F38000ECB928 /* LaunchScreen.storyboard */,
				58D7ACAE1BF0F38000ECB928 /* Info.plist */,
				58D7AC9D1BF0F38000ECB928 /* Supporting Files */,
			);
			path = WorkingWithServerAPIExample;
			sourceTree = "<group>";
		};
		58D7AC9D1BF0F38000ECB928 /* Supporting Files */ = {
			isa = PBXGroup;
			children = (
				58D7AC9E1BF0F38000ECB928 /* main.m */,
			);
			name = "Supporting Files";
			sourceTree = "<group>";
		};
		58F5B0B11BF106CC00532EA8 /* BaseNetworkRequest */ = {
			isa = PBXGroup;
			children = (
				5857A0CC1BF0FB9F00C9B0B0 /* ESNetworkRequest.h */,
				5857A0CD1BF0FB9F00C9B0B0 /* ESNetworkRequest.m */,
			);
			name = BaseNetworkRequest;
			sourceTree = "<group>";
		};
		58F5B0B21BF106D400532EA8 /* GetRandomCatRequest */ = {
			isa = PBXGroup;
			children = (
				58F5B0B31BF106F700532EA8 /* ESGetRandomCatRequest.h */,
				58F5B0B41BF106F700532EA8 /* ESGetRandomCatRequest.m */,
			);
			name = GetRandomCatRequest;
			sourceTree = "<group>";
		};
		58F5B0B61BF108FE00532EA8 /* Controllers */ = {
			isa = PBXGroup;
			children = (
				58F5B0B71BF1092D00532EA8 /* ESCatController.h */,
				58F5B0B81BF1092D00532EA8 /* ESCatController.m */,
			);
			name = Controllers;
			sourceTree = "<group>";
		};
		75D9D3124CE165E0B7291939 /* Pods */ = {
			isa = PBXGroup;
			children = (
				9B40748060082DE18B1298E5 /* Pods.debug.xcconfig */,
				7267412FBB4908205764F4EF /* Pods.release.xcconfig */,
			);
			name = Pods;
			sourceTree = "<group>";
		};
		8559F7204313B709953E7754 /* Frameworks */ = {
			isa = PBXGroup;
			children = (
				72F817892E1CF62B1FD9F840 /* libPods.a */,
			);
			name = Frameworks;
			sourceTree = "<group>";
		};
/* End PBXGroup section */

/* Begin PBXNativeTarget section */
		58D7AC991BF0F38000ECB928 /* WorkingWithServerAPIExample */ = {
			isa = PBXNativeTarget;
			buildConfigurationList = 58D7ACB11BF0F38000ECB928 /* Build configuration list for PBXNativeTarget "WorkingWithServerAPIExample" */;
			buildPhases = (
				91EECFC12E2A48AB81612934 /* Check Pods Manifest.lock */,
				58D7AC961BF0F38000ECB928 /* Sources */,
				58D7AC971BF0F38000ECB928 /* Frameworks */,
				58D7AC981BF0F38000ECB928 /* Resources */,
				801D139924E9EE1FC92AA7C6 /* Copy Pods Resources */,
			);
			buildRules = (
			);
			dependencies = (
			);
			name = WorkingWithServerAPIExample;
			productName = WorkingWithServerAPIExample;
			productReference = 58D7AC9A1BF0F38000ECB928 /* WorkingWithServerAPIExample.app */;
			productType = "com.apple.product-type.application";
		};
/* End PBXNativeTarget section */

/* Begin PBXProject section */
		58D7AC921BF0F37F00ECB928 /* Project object */ = {
			isa = PBXProject;
			attributes = {
				CLASSPREFIX = ES;
				LastUpgradeCheck = 0710;
				ORGANIZATIONNAME = ThinkMobiles;
				TargetAttributes = {
					58D7AC991BF0F38000ECB928 = {
						CreatedOnToolsVersion = 7.1;
					};
				};
			};
			buildConfigurationList = 58D7AC951BF0F37F00ECB928 /* Build configuration list for PBXProject "WorkingWithServerAPIExample" */;
			compatibilityVersion = "Xcode 3.2";
			developmentRegion = English;
			hasScannedForEncodings = 0;
			knownRegions = (
				en,
				Base,
			);
			mainGroup = 58D7AC911BF0F37F00ECB928;
			productRefGroup = 58D7AC9B1BF0F38000ECB928 /* Products */;
			projectDirPath = "";
			projectRoot = "";
			targets = (
				58D7AC991BF0F38000ECB928 /* WorkingWithServerAPIExample */,
			);
		};
/* End PBXProject section */

/* Begin PBXResourcesBuildPhase section */
		58D7AC981BF0F38000ECB928 /* Resources */ = {
			isa = PBXResourcesBuildPhase;
			buildActionMask = 2147483647;
			files = (
				58D7ACAD1BF0F38000ECB928 /* LaunchScreen.storyboard in Resources */,
				58D7ACAA1BF0F38000ECB928 /* Assets.xcassets in Resources */,
				58D7ACA81BF0F38000ECB928 /* Main.storyboard in Resources */,
			);
			runOnlyForDeploymentPostprocessing = 0;
		};
/* End PBXResourcesBuildPhase section */

/* Begin PBXShellScriptBuildPhase section */
		801D139924E9EE1FC92AA7C6 /* Copy Pods Resources */ = {
			isa = PBXShellScriptBuildPhase;
			buildActionMask = 2147483647;
			files = (
			);
			inputPaths = (
			);
			name = "Copy Pods Resources";
			outputPaths = (
			);
			runOnlyForDeploymentPostprocessing = 0;
			shellPath = /bin/sh;
			shellScript = "\"${SRCROOT}/Pods/Target Support Files/Pods/Pods-resources.sh\"\n";
			showEnvVarsInLog = 0;
		};
		91EECFC12E2A48AB81612934 /* Check Pods Manifest.lock */ = {
			isa = PBXShellScriptBuildPhase;
			buildActionMask = 2147483647;
			files = (
			);
			inputPaths = (
			);
			name = "Check Pods Manifest.lock";
			outputPaths = (
			);
			runOnlyForDeploymentPostprocessing = 0;
			shellPath = /bin/sh;
			shellScript = "diff \"${PODS_ROOT}/../Podfile.lock\" \"${PODS_ROOT}/Manifest.lock\" > /dev/null\nif [[ $? != 0 ]] ; then\n    cat << EOM\nerror: The sandbox is not in sync with the Podfile.lock. Run 'pod install' or update your CocoaPods installation.\nEOM\n    exit 1\nfi\n";
			showEnvVarsInLog = 0;
		};
/* End PBXShellScriptBuildPhase section */

/* Begin PBXSourcesBuildPhase section */
		58D7AC961BF0F38000ECB928 /* Sources */ = {
			isa = PBXSourcesBuildPhase;
			buildActionMask = 2147483647;
			files = (
				58F5B0B91BF1092D00532EA8 /* ESCatController.m in Sources */,
				5857A0CE1BF0FB9F00C9B0B0 /* ESNetworkRequest.m in Sources */,
				5857A0D21BF0FBC800C9B0B0 /* ESNetworkOperation.m in Sources */,
				58F5B0B51BF106F700532EA8 /* ESGetRandomCatRequest.m in Sources */,
				58D7ACA21BF0F38000ECB928 /* AppDelegate.m in Sources */,
				58D7AC9F1BF0F38000ECB928 /* main.m in Sources */,
				5857A0DA1BF0FBEB00C9B0B0 /* ESNetworkFacade.m in Sources */,
				5857A0D61BF0FBDD00C9B0B0 /* ESNetworkManager.m in Sources */,
			);
			runOnlyForDeploymentPostprocessing = 0;
		};
/* End PBXSourcesBuildPhase section */

/* Begin PBXVariantGroup section */
		58D7ACA61BF0F38000ECB928 /* Main.storyboard */ = {
			isa = PBXVariantGroup;
			children = (
				58D7ACA71BF0F38000ECB928 /* Base */,
			);
			name = Main.storyboard;
			sourceTree = "<group>";
		};
		58D7ACAB1BF0F38000ECB928 /* LaunchScreen.storyboard */ = {
			isa = PBXVariantGroup;
			children = (
				58D7ACAC1BF0F38000ECB928 /* Base */,
			);
			name = LaunchScreen.storyboard;
			sourceTree = "<group>";
		};
/* End PBXVariantGroup section */

/* Begin XCBuildConfiguration section */
		58D7ACAF1BF0F38000ECB928 /* Debug */ = {
			isa = XCBuildConfiguration;
			buildSettings = {
				ALWAYS_SEARCH_USER_PATHS = NO;
				CLANG_CXX_LANGUAGE_STANDARD = "gnu++0x";
				CLANG_CXX_LIBRARY = "libc++";
				CLANG_ENABLE_MODULES = YES;
				CLANG_ENABLE_OBJC_ARC = YES;
				CLANG_WARN_BOOL_CONVERSION = YES;
				CLANG_WARN_CONSTANT_CONVERSION = YES;
				CLANG_WARN_DIRECT_OBJC_ISA_USAGE = YES_ERROR;
				CLANG_WARN_EMPTY_BODY = YES;
				CLANG_WARN_ENUM_CONVERSION = YES;
				CLANG_WARN_INT_CONVERSION = YES;
				CLANG_WARN_OBJC_ROOT_CLASS = YES_ERROR;
				CLANG_WARN_UNREACHABLE_CODE = YES;
				CLANG_WARN__DUPLICATE_METHOD_MATCH = YES;
				"CODE_SIGN_IDENTITY[sdk=iphoneos*]" = "iPhone Developer";
				COPY_PHASE_STRIP = NO;
				DEBUG_INFORMATION_FORMAT = dwarf;
				ENABLE_STRICT_OBJC_MSGSEND = YES;
				ENABLE_TESTABILITY = YES;
				GCC_C_LANGUAGE_STANDARD = gnu99;
				GCC_DYNAMIC_NO_PIC = NO;
				GCC_NO_COMMON_BLOCKS = YES;
				GCC_OPTIMIZATION_LEVEL = 0;
				GCC_PREPROCESSOR_DEFINITIONS = (
					"DEBUG=1",
					"$(inherited)",
				);
				GCC_WARN_64_TO_32_BIT_CONVERSION = YES;
				GCC_WARN_ABOUT_RETURN_TYPE = YES_ERROR;
				GCC_WARN_UNDECLARED_SELECTOR = YES;
				GCC_WARN_UNINITIALIZED_AUTOS = YES_AGGRESSIVE;
				GCC_WARN_UNUSED_FUNCTION = YES;
				GCC_WARN_UNUSED_VARIABLE = YES;
				IPHONEOS_DEPLOYMENT_TARGET = 9.1;
				MTL_ENABLE_DEBUG_INFO = YES;
				ONLY_ACTIVE_ARCH = YES;
				SDKROOT = iphoneos;
			};
			name = Debug;
		};
		58D7ACB01BF0F38000ECB928 /* Release */ = {
			isa = XCBuildConfiguration;
			buildSettings = {
				ALWAYS_SEARCH_USER_PATHS = NO;
				CLANG_CXX_LANGUAGE_STANDARD = "gnu++0x";
				CLANG_CXX_LIBRARY = "libc++";
				CLANG_ENABLE_MODULES = YES;
				CLANG_ENABLE_OBJC_ARC = YES;
				CLANG_WARN_BOOL_CONVERSION = YES;
				CLANG_WARN_CONSTANT_CONVERSION = YES;
				CLANG_WARN_DIRECT_OBJC_ISA_USAGE = YES_ERROR;
				CLANG_WARN_EMPTY_BODY = YES;
				CLANG_WARN_ENUM_CONVERSION = YES;
				CLANG_WARN_INT_CONVERSION = YES;
				CLANG_WARN_OBJC_ROOT_CLASS = YES_ERROR;
				CLANG_WARN_UNREACHABLE_CODE = YES;
				CLANG_WARN__DUPLICATE_METHOD_MATCH = YES;
				"CODE_SIGN_IDENTITY[sdk=iphoneos*]" = "iPhone Developer";
				COPY_PHASE_STRIP = NO;
				DEBUG_INFORMATION_FORMAT = "dwarf-with-dsym";
				ENABLE_NS_ASSERTIONS = NO;
				ENABLE_STRICT_OBJC_MSGSEND = YES;
				GCC_C_LANGUAGE_STANDARD = gnu99;
				GCC_NO_COMMON_BLOCKS = YES;
				GCC_WARN_64_TO_32_BIT_CONVERSION = YES;
				GCC_WARN_ABOUT_RETURN_TYPE = YES_ERROR;
				GCC_WARN_UNDECLARED_SELECTOR = YES;
				GCC_WARN_UNINITIALIZED_AUTOS = YES_AGGRESSIVE;
				GCC_WARN_UNUSED_FUNCTION = YES;
				GCC_WARN_UNUSED_VARIABLE = YES;
				IPHONEOS_DEPLOYMENT_TARGET = 9.1;
				MTL_ENABLE_DEBUG_INFO = NO;
				SDKROOT = iphoneos;
				VALIDATE_PRODUCT = YES;
			};
			name = Release;
		};
		58D7ACB21BF0F38000ECB928 /* Debug */ = {
			isa = XCBuildConfiguration;
			baseConfigurationReference = 9B40748060082DE18B1298E5 /* Pods.debug.xcconfig */;
			buildSettings = {
				ASSETCATALOG_COMPILER_APPICON_NAME = AppIcon;
				INFOPLIST_FILE = WorkingWithServerAPIExample/Info.plist;
				LD_RUNPATH_SEARCH_PATHS = "$(inherited) @executable_path/Frameworks";
				PRODUCT_BUNDLE_IDENTIFIER = com.thinkmobiles.WorkingWithServerAPIExample;
				PRODUCT_NAME = "$(TARGET_NAME)";
			};
			name = Debug;
		};
		58D7ACB31BF0F38000ECB928 /* Release */ = {
			isa = XCBuildConfiguration;
			baseConfigurationReference = 7267412FBB4908205764F4EF /* Pods.release.xcconfig */;
			buildSettings = {
				ASSETCATALOG_COMPILER_APPICON_NAME = AppIcon;
				INFOPLIST_FILE = WorkingWithServerAPIExample/Info.plist;
				LD_RUNPATH_SEARCH_PATHS = "$(inherited) @executable_path/Frameworks";
				PRODUCT_BUNDLE_IDENTIFIER = com.thinkmobiles.WorkingWithServerAPIExample;
				PRODUCT_NAME = "$(TARGET_NAME)";
			};
			name = Release;
		};
/* End XCBuildConfiguration section */

/* Begin XCConfigurationList section */
		58D7AC951BF0F37F00ECB928 /* Build configuration list for PBXProject "WorkingWithServerAPIExample" */ = {
			isa = XCConfigurationList;
			buildConfigurations = (
				58D7ACAF1BF0F38000ECB928 /* Debug */,
				58D7ACB01BF0F38000ECB928 /* Release */,
			);
			defaultConfigurationIsVisible = 0;
			defaultConfigurationName = Release;
		};
		58D7ACB11BF0F38000ECB928 /* Build configuration list for PBXNativeTarget "WorkingWithServerAPIExample" */ = {
			isa = XCConfigurationList;
			buildConfigurations = (
				58D7ACB21BF0F38000ECB928 /* Debug */,
				58D7ACB31BF0F38000ECB928 /* Release */,
			);
			defaultConfigurationIsVisible = 0;
			defaultConfigurationName = Release;
		};
/* End XCConfigurationList section */
	};
	rootObject = 58D7AC921BF0F37F00ECB928 /* Project object */;
}
